
Microsoft Visual Studio Solution File, Format Version 12.00
# Visual Studio 15
VisualStudioVersion = 15.0.27703.2042
MinimumVisualStudioVersion = 10.0.40219.1
Project("{2150E333-8FDC-42A3-9474-1A3956D46DE8}") = "1 - Services", "1 - Services", "{5A311BFD-8EAB-471A-BD7C-F2C477D7FE5A}"
EndProject
Project("{2150E333-8FDC-42A3-9474-1A3956D46DE8}") = "2 - Application", "2 - Application", "{488E055F-0D0D-4564-8054-5957659E414B}"
EndProject
Project("{2150E333-8FDC-42A3-9474-1A3956D46DE8}") = "3 - Domain", "3 - Domain", "{7226A593-B800-4B14-8F28-CFFB097ADB63}"
EndProject
Project("{2150E333-8FDC-42A3-9474-1A3956D46DE8}") = "4 - Infra", "4 - Infra", "{8C1F847D-F2D9-4835-94C8-B93E615FF65E}"
EndProject
Project("{2150E333-8FDC-42A3-9474-1A3956D46DE8}") = "4.1 - Data", "4.1 - Data", "{A9BF0619-14AD-4C96-8AB6-EF2DAA7696DD}"
EndProject
Project("{2150E333-8FDC-42A3-9474-1A3956D46DE8}") = "4.2 - CrossCutting", "4.2 - CrossCutting", "{60EE27B9-4E0A-4AE9-96AD-61083D7AEC5C}"
EndProject
Project("{9A19103F-16F7-4668-BE54-9A1E7A4F7556}") = "Modelo.Infra.Data", "Modelo.Infra.Data\Modelo.Infra.Data.csproj", "{5C3E2E8A-F100-42B3-B5D8-3C481817D6AD}"
EndProject
Project("{9A19103F-16F7-4668-BE54-9A1E7A4F7556}") = "Modelo.Domain", "Modelo.Domain\Modelo.Domain.csproj", "{315FAEE2-C436-45D6-AF44-3D883745164B}"
EndProject
Project("{9A19103F-16F7-4668-BE54-9A1E7A4F7556}") = "Modelo.Domain.Core", "Modelo.Domain.Core\Modelo.Domain.Core.csproj", "{0B1F823A-DAB6-4DAB-8DF9-790056C11B67}"
EndProject
Project("{9A19103F-16F7-4668-BE54-9A1E7A4F7556}") = "Modelo.Application", "Modelo.Application\Modelo.Application.csproj", "{EF22DF99-C2C0-4D0B-B75A-32FC76A8C91A}"
EndProject
Project("{E53339B2-1760-4266-BCC7-CA923CBCF16C}") = "docker-compose", "docker-compose.dcproj", "{BE31A500-C524-4188-BA21-9F111377EFC3}"
EndProject
Project("{9A19103F-16F7-4668-BE54-9A1E7A4F7556}") = "Modelo.WebApi", "Modelo.WebApi\Modelo.WebApi.csproj", "{61A22A42-D061-46E3-9DAC-3DB04B74FF05}"
EndProject
Project("{9A19103F-16F7-4668-BE54-9A1E7A4F7556}") = "Modelo.Infra.CrossCutting.Bus", "Modelo.Infra.CrossCutting.Bus\Modelo.Infra.CrossCutting.Bus.csproj", "{48E07A7A-A017-42A0-933C-E88048C204A3}"
EndProject
Project("{9A19103F-16F7-4668-BE54-9A1E7A4F7556}") = "Modelo.Infra.CrossCutting.IoC", "Modelo.Infra.CrossCutting.IoC\Modelo.Infra.CrossCutting.IoC.csproj", "{79B89D2E-A399-4204-B34C-E43B19F8BBCF}"
EndProject
Project("{9A19103F-16F7-4668-BE54-9A1E7A4F7556}") = "Modelo.Infra.Data.Oracle", "Modelo.Infra.Data.Oracle\Modelo.Infra.Data.Oracle.csproj", "{433F1BD8-2530-4D0D-8066-C1DDE68F3761}"
EndProject
Project("{2150E333-8FDC-42A3-9474-1A3956D46DE8}") = "4.1.1 - Infra.Data.Oracle", "4.1.1 - Infra.Data.Oracle", "{167A5E4F-3A0F-42D3-8E33-E7734156B978}"
EndProject
Project("{2150E333-8FDC-42A3-9474-1A3956D46DE8}") = "4.1.2 - Infra.Data.SqlServer", "4.1.2 - Infra.Data.SqlServer", "{40E3CAED-F903-439E-940E-EEA9066EA3FC}"
EndProject
Global
	GlobalSection(SolutionConfigurationPlatforms) = preSolution
		Debug|Any CPU = Debug|Any CPU
		Release|Any CPU = Release|Any CPU
	EndGlobalSection
	GlobalSection(ProjectConfigurationPlatforms) = postSolution
		{5C3E2E8A-F100-42B3-B5D8-3C481817D6AD}.Debug|Any CPU.ActiveCfg = Debug|Any CPU
		{5C3E2E8A-F100-42B3-B5D8-3C481817D6AD}.Debug|Any CPU.Build.0 = Debug|Any CPU
		{5C3E2E8A-F100-42B3-B5D8-3C481817D6AD}.Release|Any CPU.ActiveCfg = Release|Any CPU
		{5C3E2E8A-F100-42B3-B5D8-3C481817D6AD}.Release|Any CPU.Build.0 = Release|Any CPU
		{315FAEE2-C436-45D6-AF44-3D883745164B}.Debug|Any CPU.ActiveCfg = Debug|Any CPU
		{315FAEE2-C436-45D6-AF44-3D883745164B}.Debug|Any CPU.Build.0 = Debug|Any CPU
		{315FAEE2-C436-45D6-AF44-3D883745164B}.Release|Any CPU.ActiveCfg = Release|Any CPU
		{315FAEE2-C436-45D6-AF44-3D883745164B}.Release|Any CPU.Build.0 = Release|Any CPU
		{0B1F823A-DAB6-4DAB-8DF9-790056C11B67}.Debug|Any CPU.ActiveCfg = Debug|Any CPU
		{0B1F823A-DAB6-4DAB-8DF9-790056C11B67}.Debug|Any CPU.Build.0 = Debug|Any CPU
		{0B1F823A-DAB6-4DAB-8DF9-790056C11B67}.Release|Any CPU.ActiveCfg = Release|Any CPU
		{0B1F823A-DAB6-4DAB-8DF9-790056C11B67}.Release|Any CPU.Build.0 = Release|Any CPU
		{EF22DF99-C2C0-4D0B-B75A-32FC76A8C91A}.Debug|Any CPU.ActiveCfg = Debug|Any CPU
		{EF22DF99-C2C0-4D0B-B75A-32FC76A8C91A}.Debug|Any CPU.Build.0 = Debug|Any CPU
		{EF22DF99-C2C0-4D0B-B75A-32FC76A8C91A}.Release|Any CPU.ActiveCfg = Release|Any CPU
		{EF22DF99-C2C0-4D0B-B75A-32FC76A8C91A}.Release|Any CPU.Build.0 = Release|Any CPU
		{BE31A500-C524-4188-BA21-9F111377EFC3}.Debug|Any CPU.ActiveCfg = Debug|Any CPU
		{BE31A500-C524-4188-BA21-9F111377EFC3}.Debug|Any CPU.Build.0 = Debug|Any CPU
		{BE31A500-C524-4188-BA21-9F111377EFC3}.Release|Any CPU.ActiveCfg = Release|Any CPU
		{BE31A500-C524-4188-BA21-9F111377EFC3}.Release|Any CPU.Build.0 = Release|Any CPU
		{61A22A42-D061-46E3-9DAC-3DB04B74FF05}.Debug|Any CPU.ActiveCfg = Debug|Any CPU
		{61A22A42-D061-46E3-9DAC-3DB04B74FF05}.Debug|Any CPU.Build.0 = Debug|Any CPU
		{61A22A42-D061-46E3-9DAC-3DB04B74FF05}.Release|Any CPU.ActiveCfg = Release|Any CPU
		{61A22A42-D061-46E3-9DAC-3DB04B74FF05}.Release|Any CPU.Build.0 = Release|Any CPU
		{48E07A7A-A017-42A0-933C-E88048C204A3}.Debug|Any CPU.ActiveCfg = Debug|Any CPU
		{48E07A7A-A017-42A0-933C-E88048C204A3}.Debug|Any CPU.Build.0 = Debug|Any CPU
		{48E07A7A-A017-42A0-933C-E88048C204A3}.Release|Any CPU.ActiveCfg = Release|Any CPU
		{48E07A7A-A017-42A0-933C-E88048C204A3}.Release|Any CPU.Build.0 = Release|Any CPU
		{79B89D2E-A399-4204-B34C-E43B19F8BBCF}.Debug|Any CPU.ActiveCfg = Debug|Any CPU
		{79B89D2E-A399-4204-B34C-E43B19F8BBCF}.Debug|Any CPU.Build.0 = Debug|Any CPU
		{79B89D2E-A399-4204-B34C-E43B19F8BBCF}.Release|Any CPU.ActiveCfg = Release|Any CPU
		{79B89D2E-A399-4204-B34C-E43B19F8BBCF}.Release|Any CPU.Build.0 = Release|Any CPU
		{433F1BD8-2530-4D0D-8066-C1DDE68F3761}.Debug|Any CPU.ActiveCfg = Debug|Any CPU
		{433F1BD8-2530-4D0D-8066-C1DDE68F3761}.Debug|Any CPU.Build.0 = Debug|Any CPU
		{433F1BD8-2530-4D0D-8066-C1DDE68F3761}.Release|Any CPU.ActiveCfg = Release|Any CPU
		{433F1BD8-2530-4D0D-8066-C1DDE68F3761}.Release|Any CPU.Build.0 = Release|Any CPU
	EndGlobalSection
	GlobalSection(SolutionProperties) = preSolution
		HideSolutionNode = FALSE
	EndGlobalSection
	GlobalSection(NestedProjects) = preSolution
		{A9BF0619-14AD-4C96-8AB6-EF2DAA7696DD} = {8C1F847D-F2D9-4835-94C8-B93E615FF65E}
		{60EE27B9-4E0A-4AE9-96AD-61083D7AEC5C} = {8C1F847D-F2D9-4835-94C8-B93E615FF65E}
		{5C3E2E8A-F100-42B3-B5D8-3C481817D6AD} = {40E3CAED-F903-439E-940E-EEA9066EA3FC}
		{315FAEE2-C436-45D6-AF44-3D883745164B} = {7226A593-B800-4B14-8F28-CFFB097ADB63}
		{0B1F823A-DAB6-4DAB-8DF9-790056C11B67} = {7226A593-B800-4B14-8F28-CFFB097ADB63}
		{EF22DF99-C2C0-4D0B-B75A-32FC76A8C91A} = {488E055F-0D0D-4564-8054-5957659E414B}
		{61A22A42-D061-46E3-9DAC-3DB04B74FF05} = {5A311BFD-8EAB-471A-BD7C-F2C477D7FE5A}
		{48E07A7A-A017-42A0-933C-E88048C204A3} = {60EE27B9-4E0A-4AE9-96AD-61083D7AEC5C}
		{79B89D2E-A399-4204-B34C-E43B19F8BBCF} = {60EE27B9-4E0A-4AE9-96AD-61083D7AEC5C}
		{433F1BD8-2530-4D0D-8066-C1DDE68F3761} = {167A5E4F-3A0F-42D3-8E33-E7734156B978}
		{167A5E4F-3A0F-42D3-8E33-E7734156B978} = {A9BF0619-14AD-4C96-8AB6-EF2DAA7696DD}
		{40E3CAED-F903-439E-940E-EEA9066EA3FC} = {A9BF0619-14AD-4C96-8AB6-EF2DAA7696DD}
	EndGlobalSection
	GlobalSection(ExtensibilityGlobals) = postSolution
		SolutionGuid = {F035E91B-E25D-499F-84E3-6C184302BD44}
	EndGlobalSection
EndGlobal
